// !$*UTF8*$!
{
	archiveVersion = 1;
	classes = {
	};
	objectVersion = 50;
	objects = {

/* Begin PBXBuildFile section */
		C368154D26CB4A8200A22EF1 /* main.swift in Sources */ = {isa = PBXBuildFile; fileRef = C368154C26CB4A8200A22EF1 /* main.swift */; };
		C368156A26CB4B3F00A22EF1 /* 단어정렬.swift in Sources */ = {isa = PBXBuildFile; fileRef = C368156326CB4B3E00A22EF1 /* 단어정렬.swift */; };
		C368156B26CB4B3F00A22EF1 /* 영화감독숌.swift in Sources */ = {isa = PBXBuildFile; fileRef = C368156426CB4B3E00A22EF1 /* 영화감독숌.swift */; };
		C368156C26CB4B3F00A22EF1 /* 직사각형에서탈출.swift in Sources */ = {isa = PBXBuildFile; fileRef = C368156526CB4B3E00A22EF1 /* 직사각형에서탈출.swift */; };
		C368156D26CB4B3F00A22EF1 /* 랜선자르기.swift in Sources */ = {isa = PBXBuildFile; fileRef = C368156626CB4B3F00A22EF1 /* 랜선자르기.swift */; };
		C368156E26CB4B3F00A22EF1 /* 팰린드롬수.swift in Sources */ = {isa = PBXBuildFile; fileRef = C368156726CB4B3F00A22EF1 /* 팰린드롬수.swift */; };
		C368156F26CB4B3F00A22EF1 /* 체스판다시칠하기.swift in Sources */ = {isa = PBXBuildFile; fileRef = C368156826CB4B3F00A22EF1 /* 체스판다시칠하기.swift */; };
		C368158126CB50CB00A22EF1 /* 오픈채팅방.swift in Sources */ = {isa = PBXBuildFile; fileRef = C368157C26CB50CB00A22EF1 /* 오픈채팅방.swift */; };
		C368158226CB50CB00A22EF1 /* 올리브영1번.swift in Sources */ = {isa = PBXBuildFile; fileRef = C368157D26CB50CB00A22EF1 /* 올리브영1번.swift */; };
		C368158326CB50CB00A22EF1 /* 키패드누르기.swift in Sources */ = {isa = PBXBuildFile; fileRef = C368157E26CB50CB00A22EF1 /* 키패드누르기.swift */; };
		C368158426CB50CB00A22EF1 /* 크레인인형뽑기게임.swift in Sources */ = {isa = PBXBuildFile; fileRef = C368157F26CB50CB00A22EF1 /* 크레인인형뽑기게임.swift */; };
		C368158526CB50CB00A22EF1 /* 타겟넘버.swift in Sources */ = {isa = PBXBuildFile; fileRef = C368158026CB50CB00A22EF1 /* 타겟넘버.swift */; };
		C3F7333326CD27B5005FA7D5 /* 다리를지나는트럭.swift in Sources */ = {isa = PBXBuildFile; fileRef = C3F7333226CD27B5005FA7D5 /* 다리를지나는트럭.swift */; };
/* End PBXBuildFile section */

/* Begin PBXCopyFilesBuildPhase section */
		C368154726CB4A8200A22EF1 /* CopyFiles */ = {
			isa = PBXCopyFilesBuildPhase;
			buildActionMask = 2147483647;
			dstPath = /usr/share/man/man1/;
			dstSubfolderSpec = 0;
			files = (
			);
			runOnlyForDeploymentPostprocessing = 1;
		};
/* End PBXCopyFilesBuildPhase section */

/* Begin PBXFileReference section */
		C368154926CB4A8200A22EF1 /* SolveAlgorithm */ = {isa = PBXFileReference; explicitFileType = "compiled.mach-o.executable"; includeInIndex = 0; path = SolveAlgorithm; sourceTree = BUILT_PRODUCTS_DIR; };
		C368154C26CB4A8200A22EF1 /* main.swift */ = {isa = PBXFileReference; lastKnownFileType = sourcecode.swift; path = main.swift; sourceTree = "<group>"; };
		C368156326CB4B3E00A22EF1 /* 단어정렬.swift */ = {isa = PBXFileReference; fileEncoding = 4; lastKnownFileType = sourcecode.swift; path = "단어정렬.swift"; sourceTree = "<group>"; };
		C368156426CB4B3E00A22EF1 /* 영화감독숌.swift */ = {isa = PBXFileReference; fileEncoding = 4; lastKnownFileType = sourcecode.swift; path = "영화감독숌.swift"; sourceTree = "<group>"; };
		C368156526CB4B3E00A22EF1 /* 직사각형에서탈출.swift */ = {isa = PBXFileReference; fileEncoding = 4; lastKnownFileType = sourcecode.swift; path = "직사각형에서탈출.swift"; sourceTree = "<group>"; };
		C368156626CB4B3F00A22EF1 /* 랜선자르기.swift */ = {isa = PBXFileReference; fileEncoding = 4; lastKnownFileType = sourcecode.swift; path = "랜선자르기.swift"; sourceTree = "<group>"; };
		C368156726CB4B3F00A22EF1 /* 팰린드롬수.swift */ = {isa = PBXFileReference; fileEncoding = 4; lastKnownFileType = sourcecode.swift; path = "팰린드롬수.swift"; sourceTree = "<group>"; };
		C368156826CB4B3F00A22EF1 /* 체스판다시칠하기.swift */ = {isa = PBXFileReference; fileEncoding = 4; lastKnownFileType = sourcecode.swift; path = "체스판다시칠하기.swift"; sourceTree = "<group>"; };
		C368157C26CB50CB00A22EF1 /* 오픈채팅방.swift */ = {isa = PBXFileReference; fileEncoding = 4; lastKnownFileType = sourcecode.swift; path = "오픈채팅방.swift"; sourceTree = "<group>"; };
		C368157D26CB50CB00A22EF1 /* 올리브영1번.swift */ = {isa = PBXFileReference; fileEncoding = 4; lastKnownFileType = sourcecode.swift; path = "올리브영1번.swift"; sourceTree = "<group>"; };
		C368157E26CB50CB00A22EF1 /* 키패드누르기.swift */ = {isa = PBXFileReference; fileEncoding = 4; lastKnownFileType = sourcecode.swift; path = "키패드누르기.swift"; sourceTree = "<group>"; };
		C368157F26CB50CB00A22EF1 /* 크레인인형뽑기게임.swift */ = {isa = PBXFileReference; fileEncoding = 4; lastKnownFileType = sourcecode.swift; path = "크레인인형뽑기게임.swift"; sourceTree = "<group>"; };
		C368158026CB50CB00A22EF1 /* 타겟넘버.swift */ = {isa = PBXFileReference; fileEncoding = 4; lastKnownFileType = sourcecode.swift; path = "타겟넘버.swift"; sourceTree = "<group>"; };
		C3F7333226CD27B5005FA7D5 /* 다리를지나는트럭.swift */ = {isa = PBXFileReference; lastKnownFileType = sourcecode.swift; path = "다리를지나는트럭.swift"; sourceTree = "<group>"; };
/* End PBXFileReference section */

/* Begin PBXFrameworksBuildPhase section */
		C368154626CB4A8200A22EF1 /* Frameworks */ = {
			isa = PBXFrameworksBuildPhase;
			buildActionMask = 2147483647;
			files = (
			);
			runOnlyForDeploymentPostprocessing = 0;
		};
/* End PBXFrameworksBuildPhase section */

/* Begin PBXGroup section */
		C368154026CB4A8200A22EF1 = {
			isa = PBXGroup;
			children = (
				C368154B26CB4A8200A22EF1 /* SolveAlgorithm */,
				C368154A26CB4A8200A22EF1 /* Products */,
			);
			sourceTree = "<group>";
		};
		C368154A26CB4A8200A22EF1 /* Products */ = {
			isa = PBXGroup;
			children = (
				C368154926CB4A8200A22EF1 /* SolveAlgorithm */,
			);
			name = Products;
			sourceTree = "<group>";
		};
		C368154B26CB4A8200A22EF1 /* SolveAlgorithm */ = {
			isa = PBXGroup;
			children = (
				C368154C26CB4A8200A22EF1 /* main.swift */,
				C368155326CB4A8A00A22EF1 /* BaekJoon */,
				C368157126CB4B7900A22EF1 /* Programmers */,
			);
			path = SolveAlgorithm;
			sourceTree = "<group>";
		};
		C368155326CB4A8A00A22EF1 /* BaekJoon */ = {
			isa = PBXGroup;
			children = (
				C368156326CB4B3E00A22EF1 /* 단어정렬.swift */,
				C368156626CB4B3F00A22EF1 /* 랜선자르기.swift */,
				C368156426CB4B3E00A22EF1 /* 영화감독숌.swift */,
				C368156526CB4B3E00A22EF1 /* 직사각형에서탈출.swift */,
				C368156826CB4B3F00A22EF1 /* 체스판다시칠하기.swift */,
				C368156726CB4B3F00A22EF1 /* 팰린드롬수.swift */,
			);
			path = BaekJoon;
			sourceTree = "<group>";
		};
		C368157126CB4B7900A22EF1 /* Programmers */ = {
			isa = PBXGroup;
			children = (
				C368157C26CB50CB00A22EF1 /* 오픈채팅방.swift */,
				C368157D26CB50CB00A22EF1 /* 올리브영1번.swift */,
				C368157F26CB50CB00A22EF1 /* 크레인인형뽑기게임.swift */,
				C368157E26CB50CB00A22EF1 /* 키패드누르기.swift */,
				C368158026CB50CB00A22EF1 /* 타겟넘버.swift */,
				C3F7333226CD27B5005FA7D5 /* 다리를지나는트럭.swift */,
			);
			path = Programmers;
			sourceTree = "<group>";
		};
/* End PBXGroup section */

/* Begin PBXNativeTarget section */
		C368154826CB4A8200A22EF1 /* SolveAlgorithm */ = {
			isa = PBXNativeTarget;
			buildConfigurationList = C368155026CB4A8200A22EF1 /* Build configuration list for PBXNativeTarget "SolveAlgorithm" */;
			buildPhases = (
				C368154526CB4A8200A22EF1 /* Sources */,
				C368154626CB4A8200A22EF1 /* Frameworks */,
				C368154726CB4A8200A22EF1 /* CopyFiles */,
			);
			buildRules = (
			);
			dependencies = (
			);
			name = SolveAlgorithm;
			productName = SolveAlgorithm;
			productReference = C368154926CB4A8200A22EF1 /* SolveAlgorithm */;
			productType = "com.apple.product-type.tool";
		};
/* End PBXNativeTarget section */

/* Begin PBXProject section */
		C368154126CB4A8200A22EF1 /* Project object */ = {
			isa = PBXProject;
			attributes = {
				LastSwiftUpdateCheck = 1250;
				LastUpgradeCheck = 1250;
				TargetAttributes = {
					C368154826CB4A8200A22EF1 = {
						CreatedOnToolsVersion = 12.5;
					};
				};
			};
			buildConfigurationList = C368154426CB4A8200A22EF1 /* Build configuration list for PBXProject "SolveAlgorithm" */;
			compatibilityVersion = "Xcode 9.3";
			developmentRegion = en;
			hasScannedForEncodings = 0;
			knownRegions = (
				en,
				Base,
			);
			mainGroup = C368154026CB4A8200A22EF1;
			productRefGroup = C368154A26CB4A8200A22EF1 /* Products */;
			projectDirPath = "";
			projectRoot = "";
			targets = (
				C368154826CB4A8200A22EF1 /* SolveAlgorithm */,
			);
		};
/* End PBXProject section */

/* Begin PBXSourcesBuildPhase section */
		C368154526CB4A8200A22EF1 /* Sources */ = {
			isa = PBXSourcesBuildPhase;
			buildActionMask = 2147483647;
			files = (
				C368156E26CB4B3F00A22EF1 /* 팰린드롬수.swift in Sources */,
				C368156C26CB4B3F00A22EF1 /* 직사각형에서탈출.swift in Sources */,
				C368156D26CB4B3F00A22EF1 /* 랜선자르기.swift in Sources */,
				C368158326CB50CB00A22EF1 /* 키패드누르기.swift in Sources */,
				C368156F26CB4B3F00A22EF1 /* 체스판다시칠하기.swift in Sources */,
				C368158426CB50CB00A22EF1 /* 크레인인형뽑기게임.swift in Sources */,
				C368158226CB50CB00A22EF1 /* 올리브영1번.swift in Sources */,
				C3F7333326CD27B5005FA7D5 /* 다리를지나는트럭.swift in Sources */,
				C368156A26CB4B3F00A22EF1 /* 단어정렬.swift in Sources */,
				C368156B26CB4B3F00A22EF1 /* 영화감독숌.swift in Sources */,
				C368158126CB50CB00A22EF1 /* 오픈채팅방.swift in Sources */,
				C368158526CB50CB00A22EF1 /* 타겟넘버.swift in Sources */,
				C368154D26CB4A8200A22EF1 /* main.swift in Sources */,
			);
			runOnlyForDeploymentPostprocessing = 0;
		};
/* End PBXSourcesBuildPhase section */

/* Begin XCBuildConfiguration section */
		C368154E26CB4A8200A22EF1 /* Debug */ = {
			isa = XCBuildConfiguration;
			buildSettings = {
				ALWAYS_SEARCH_USER_PATHS = NO;
				CLANG_ANALYZER_NONNULL = YES;
				CLANG_ANALYZER_NUMBER_OBJECT_CONVERSION = YES_AGGRESSIVE;
				CLANG_CXX_LANGUAGE_STANDARD = "gnu++14";
				CLANG_CXX_LIBRARY = "libc++";
				CLANG_ENABLE_MODULES = YES;
				CLANG_ENABLE_OBJC_ARC = YES;
				CLANG_ENABLE_OBJC_WEAK = YES;
				CLANG_WARN_BLOCK_CAPTURE_AUTORELEASING = YES;
				CLANG_WARN_BOOL_CONVERSION = YES;
				CLANG_WARN_COMMA = YES;
				CLANG_WARN_CONSTANT_CONVERSION = YES;
				CLANG_WARN_DEPRECATED_OBJC_IMPLEMENTATIONS = YES;
				CLANG_WARN_DIRECT_OBJC_ISA_USAGE = YES_ERROR;
				CLANG_WARN_DOCUMENTATION_COMMENTS = YES;
				CLANG_WARN_EMPTY_BODY = YES;
				CLANG_WARN_ENUM_CONVERSION = YES;
				CLANG_WARN_INFINITE_RECURSION = YES;
				CLANG_WARN_INT_CONVERSION = YES;
				CLANG_WARN_NON_LITERAL_NULL_CONVERSION = YES;
				CLANG_WARN_OBJC_IMPLICIT_RETAIN_SELF = YES;
				CLANG_WARN_OBJC_LITERAL_CONVERSION = YES;
				CLANG_WARN_OBJC_ROOT_CLASS = YES_ERROR;
				CLANG_WARN_QUOTED_INCLUDE_IN_FRAMEWORK_HEADER = YES;
				CLANG_WARN_RANGE_LOOP_ANALYSIS = YES;
				CLANG_WARN_STRICT_PROTOTYPES = YES;
				CLANG_WARN_SUSPICIOUS_MOVE = YES;
				CLANG_WARN_UNGUARDED_AVAILABILITY = YES_AGGRESSIVE;
				CLANG_WARN_UNREACHABLE_CODE = YES;
				CLANG_WARN__DUPLICATE_METHOD_MATCH = YES;
				COPY_PHASE_STRIP = NO;
				DEBUG_INFORMATION_FORMAT = dwarf;
				ENABLE_STRICT_OBJC_MSGSEND = YES;
				ENABLE_TESTABILITY = YES;
				GCC_C_LANGUAGE_STANDARD = gnu11;
				GCC_DYNAMIC_NO_PIC = NO;
				GCC_NO_COMMON_BLOCKS = YES;
				GCC_OPTIMIZATION_LEVEL = 0;
				GCC_PREPROCESSOR_DEFINITIONS = (
					"DEBUG=1",
					"$(inherited)",
				);
				GCC_WARN_64_TO_32_BIT_CONVERSION = YES;
				GCC_WARN_ABOUT_RETURN_TYPE = YES_ERROR;
				GCC_WARN_UNDECLARED_SELECTOR = YES;
				GCC_WARN_UNINITIALIZED_AUTOS = YES_AGGRESSIVE;
				GCC_WARN_UNUSED_FUNCTION = YES;
				GCC_WARN_UNUSED_VARIABLE = YES;
				MACOSX_DEPLOYMENT_TARGET = 11.3;
				MTL_ENABLE_DEBUG_INFO = INCLUDE_SOURCE;
				MTL_FAST_MATH = YES;
				ONLY_ACTIVE_ARCH = YES;
				SDKROOT = macosx;
				SWIFT_ACTIVE_COMPILATION_CONDITIONS = DEBUG;
				SWIFT_OPTIMIZATION_LEVEL = "-Onone";
			};
			name = Debug;
		};
		C368154F26CB4A8200A22EF1 /* Release */ = {
			isa = XCBuildConfiguration;
			buildSettings = {
				ALWAYS_SEARCH_USER_PATHS = NO;
				CLANG_ANALYZER_NONNULL = YES;
				CLANG_ANALYZER_NUMBER_OBJECT_CONVERSION = YES_AGGRESSIVE;
				CLANG_CXX_LANGUAGE_STANDARD = "gnu++14";
				CLANG_CXX_LIBRARY = "libc++";
				CLANG_ENABLE_MODULES = YES;
				CLANG_ENABLE_OBJC_ARC = YES;
				CLANG_ENABLE_OBJC_WEAK = YES;
				CLANG_WARN_BLOCK_CAPTURE_AUTORELEASING = YES;
				CLANG_WARN_BOOL_CONVERSION = YES;
				CLANG_WARN_COMMA = YES;
				CLANG_WARN_CONSTANT_CONVERSION = YES;
				CLANG_WARN_DEPRECATED_OBJC_IMPLEMENTATIONS = YES;
				CLANG_WARN_DIRECT_OBJC_ISA_USAGE = YES_ERROR;
				CLANG_WARN_DOCUMENTATION_COMMENTS = YES;
				CLANG_WARN_EMPTY_BODY = YES;
				CLANG_WARN_ENUM_CONVERSION = YES;
				CLANG_WARN_INFINITE_RECURSION = YES;
				CLANG_WARN_INT_CONVERSION = YES;
				CLANG_WARN_NON_LITERAL_NULL_CONVERSION = YES;
				CLANG_WARN_OBJC_IMPLICIT_RETAIN_SELF = YES;
				CLANG_WARN_OBJC_LITERAL_CONVERSION = YES;
				CLANG_WARN_OBJC_ROOT_CLASS = YES_ERROR;
				CLANG_WARN_QUOTED_INCLUDE_IN_FRAMEWORK_HEADER = YES;
				CLANG_WARN_RANGE_LOOP_ANALYSIS = YES;
				CLANG_WARN_STRICT_PROTOTYPES = YES;
				CLANG_WARN_SUSPICIOUS_MOVE = YES;
				CLANG_WARN_UNGUARDED_AVAILABILITY = YES_AGGRESSIVE;
				CLANG_WARN_UNREACHABLE_CODE = YES;
				CLANG_WARN__DUPLICATE_METHOD_MATCH = YES;
				COPY_PHASE_STRIP = NO;
				DEBUG_INFORMATION_FORMAT = "dwarf-with-dsym";
				ENABLE_NS_ASSERTIONS = NO;
				ENABLE_STRICT_OBJC_MSGSEND = YES;
				GCC_C_LANGUAGE_STANDARD = gnu11;
				GCC_NO_COMMON_BLOCKS = YES;
				GCC_WARN_64_TO_32_BIT_CONVERSION = YES;
				GCC_WARN_ABOUT_RETURN_TYPE = YES_ERROR;
				GCC_WARN_UNDECLARED_SELECTOR = YES;
				GCC_WARN_UNINITIALIZED_AUTOS = YES_AGGRESSIVE;
				GCC_WARN_UNUSED_FUNCTION = YES;
				GCC_WARN_UNUSED_VARIABLE = YES;
				MACOSX_DEPLOYMENT_TARGET = 11.3;
				MTL_ENABLE_DEBUG_INFO = NO;
				MTL_FAST_MATH = YES;
				SDKROOT = macosx;
				SWIFT_COMPILATION_MODE = wholemodule;
				SWIFT_OPTIMIZATION_LEVEL = "-O";
			};
			name = Release;
		};
		C368155126CB4A8200A22EF1 /* Debug */ = {
			isa = XCBuildConfiguration;
			buildSettings = {
				CODE_SIGN_STYLE = Automatic;
				DEVELOPMENT_TEAM = 3NNGLKCK57;
				ENABLE_HARDENED_RUNTIME = YES;
				PRODUCT_NAME = "$(TARGET_NAME)";
				SWIFT_VERSION = 5.0;
			};
			name = Debug;
		};
		C368155226CB4A8200A22EF1 /* Release */ = {
			isa = XCBuildConfiguration;
			buildSettings = {
				CODE_SIGN_STYLE = Automatic;
				DEVELOPMENT_TEAM = 3NNGLKCK57;
				ENABLE_HARDENED_RUNTIME = YES;
				PRODUCT_NAME = "$(TARGET_NAME)";
				SWIFT_VERSION = 5.0;
			};
			name = Release;
		};
/* End XCBuildConfiguration section */

/* Begin XCConfigurationList section */
		C368154426CB4A8200A22EF1 /* Build configuration list for PBXProject "SolveAlgorithm" */ = {
			isa = XCConfigurationList;
			buildConfigurations = (
				C368154E26CB4A8200A22EF1 /* Debug */,
				C368154F26CB4A8200A22EF1 /* Release */,
			);
			defaultConfigurationIsVisible = 0;
			defaultConfigurationName = Release;
		};
		C368155026CB4A8200A22EF1 /* Build configuration list for PBXNativeTarget "SolveAlgorithm" */ = {
			isa = XCConfigurationList;
			buildConfigurations = (
				C368155126CB4A8200A22EF1 /* Debug */,
				C368155226CB4A8200A22EF1 /* Release */,
			);
			defaultConfigurationIsVisible = 0;
			defaultConfigurationName = Release;
		};
/* End XCConfigurationList section */
	};
	rootObject = C368154126CB4A8200A22EF1 /* Project object */;
}
